
Microsoft Visual Studio Solution File, Format Version 12.00
# Visual Studio Version 17
VisualStudioVersion = 17.7.34221.43
MinimumVisualStudioVersion = 10.0.40219.1
Project("{FAE04EC0-301F-11D3-BF4B-00C04F79EFBC}") = "EmployeeConnect.Data", "EmployeeConnect.Data\EmployeeConnect.Data.csproj", "{9BA1264D-831B-4FD0-AFB6-4E476B54CA17}"
EndProject
Project("{FAE04EC0-301F-11D3-BF4B-00C04F79EFBC}") = "EmployeeConnect.Service", "EmployeeConnect.Service\EmployeeConnect.Service.csproj", "{6C2F58BE-C022-472E-AEB7-5222369C8F79}"
EndProject
Global
	GlobalSection(SolutionConfigurationPlatforms) = preSolution
		Debug|Any CPU = Debug|Any CPU
		Release|Any CPU = Release|Any CPU
	EndGlobalSection
	GlobalSection(ProjectConfigurationPlatforms) = postSolution
		{9BA1264D-831B-4FD0-AFB6-4E476B54CA17}.Debug|Any CPU.ActiveCfg = Debug|Any CPU
		{9BA1264D-831B-4FD0-AFB6-4E476B54CA17}.Debug|Any CPU.Build.0 = Debug|Any CPU
		{9BA1264D-831B-4FD0-AFB6-4E476B54CA17}.Release|Any CPU.ActiveCfg = Release|Any CPU
		{9BA1264D-831B-4FD0-AFB6-4E476B54CA17}.Release|Any CPU.Build.0 = Release|Any CPU
		{6C2F58BE-C022-472E-AEB7-5222369C8F79}.Debug|Any CPU.ActiveCfg = Debug|Any CPU
		{6C2F58BE-C022-472E-AEB7-5222369C8F79}.Debug|Any CPU.Build.0 = Debug|Any CPU
		{6C2F58BE-C022-472E-AEB7-5222369C8F79}.Release|Any CPU.ActiveCfg = Release|Any CPU
		{6C2F58BE-C022-472E-AEB7-5222369C8F79}.Release|Any CPU.Build.0 = Release|Any CPU
	EndGlobalSection
	GlobalSection(SolutionProperties) = preSolution
		HideSolutionNode = FALSE
	EndGlobalSection
	GlobalSection(ExtensibilityGlobals) = postSolution
		SolutionGuid = {BECA7DC7-138B-4670-BCC0-A26880F918D0}
	EndGlobalSection
EndGlobal
